
Microsoft Visual Studio Solution File, Format Version 12.00
# Visual Studio Version 16
VisualStudioVersion = 16.0.30114.105
MinimumVisualStudioVersion = 10.0.40219.1
Project("{FAE04EC0-301F-11D3-BF4B-00C04F79EFBC}") = "PrimeService", "PrimeService\PrimeService.csproj", "{80E5FE49-105C-48EA-AB0C-088AE1726020}"
EndProject
Project("{FAE04EC0-301F-11D3-BF4B-00C04F79EFBC}") = "Municipio.Tests", "Municipio.Tests\Municipio.Tests.csproj", "{FBE48702-5384-482B-BC8F-A8AF64F88103}"
EndProject
Global
	GlobalSection(SolutionConfigurationPlatforms) = preSolution
		Debug|Any CPU = Debug|Any CPU
		Debug|x64 = Debug|x64
		Debug|x86 = Debug|x86
		Release|Any CPU = Release|Any CPU
		Release|x64 = Release|x64
		Release|x86 = Release|x86
	EndGlobalSection
	GlobalSection(SolutionProperties) = preSolution
		HideSolutionNode = FALSE
	EndGlobalSection
	GlobalSection(ProjectConfigurationPlatforms) = postSolution
		{80E5FE49-105C-48EA-AB0C-088AE1726020}.Debug|Any CPU.ActiveCfg = Debug|Any CPU
		{80E5FE49-105C-48EA-AB0C-088AE1726020}.Debug|Any CPU.Build.0 = Debug|Any CPU
		{80E5FE49-105C-48EA-AB0C-088AE1726020}.Debug|x64.ActiveCfg = Debug|Any CPU
		{80E5FE49-105C-48EA-AB0C-088AE1726020}.Debug|x64.Build.0 = Debug|Any CPU
		{80E5FE49-105C-48EA-AB0C-088AE1726020}.Debug|x86.ActiveCfg = Debug|Any CPU
		{80E5FE49-105C-48EA-AB0C-088AE1726020}.Debug|x86.Build.0 = Debug|Any CPU
		{80E5FE49-105C-48EA-AB0C-088AE1726020}.Release|Any CPU.ActiveCfg = Release|Any CPU
		{80E5FE49-105C-48EA-AB0C-088AE1726020}.Release|Any CPU.Build.0 = Release|Any CPU
		{80E5FE49-105C-48EA-AB0C-088AE1726020}.Release|x64.ActiveCfg = Release|Any CPU
		{80E5FE49-105C-48EA-AB0C-088AE1726020}.Release|x64.Build.0 = Release|Any CPU
		{80E5FE49-105C-48EA-AB0C-088AE1726020}.Release|x86.ActiveCfg = Release|Any CPU
		{80E5FE49-105C-48EA-AB0C-088AE1726020}.Release|x86.Build.0 = Release|Any CPU
		{FBE48702-5384-482B-BC8F-A8AF64F88103}.Debug|Any CPU.ActiveCfg = Debug|Any CPU
		{FBE48702-5384-482B-BC8F-A8AF64F88103}.Debug|Any CPU.Build.0 = Debug|Any CPU
		{FBE48702-5384-482B-BC8F-A8AF64F88103}.Debug|x64.ActiveCfg = Debug|Any CPU
		{FBE48702-5384-482B-BC8F-A8AF64F88103}.Debug|x64.Build.0 = Debug|Any CPU
		{FBE48702-5384-482B-BC8F-A8AF64F88103}.Debug|x86.ActiveCfg = Debug|Any CPU
		{FBE48702-5384-482B-BC8F-A8AF64F88103}.Debug|x86.Build.0 = Debug|Any CPU
		{FBE48702-5384-482B-BC8F-A8AF64F88103}.Release|Any CPU.ActiveCfg = Release|Any CPU
		{FBE48702-5384-482B-BC8F-A8AF64F88103}.Release|Any CPU.Build.0 = Release|Any CPU
		{FBE48702-5384-482B-BC8F-A8AF64F88103}.Release|x64.ActiveCfg = Release|Any CPU
		{FBE48702-5384-482B-BC8F-A8AF64F88103}.Release|x64.Build.0 = Release|Any CPU
		{FBE48702-5384-482B-BC8F-A8AF64F88103}.Release|x86.ActiveCfg = Release|Any CPU
		{FBE48702-5384-482B-BC8F-A8AF64F88103}.Release|x86.Build.0 = Release|Any CPU
	EndGlobalSection
EndGlobal
